// !$*UTF8*$!
{
	archiveVersion = 1;
	classes = {
	};
	objectVersion = 50;
	objects = {

/* Begin PBXBuildFile section */
		CD146B75215A0A1900C72F89 /* zhengtoon-com-20191013.cer in Resources */ = {isa = PBXBuildFile; fileRef = CD146B74215A0A1900C72F89 /* zhengtoon-com-20191013.cer */; };
		CD146B78215A287E00C72F89 /* CoreLocation.framework in Frameworks */ = {isa = PBXBuildFile; fileRef = CD146B77215A287E00C72F89 /* CoreLocation.framework */; };
		CD146B7A215A289200C72F89 /* libz.tbd in Frameworks */ = {isa = PBXBuildFile; fileRef = CD146B79215A289200C72F89 /* libz.tbd */; };
		CD146B7C215A28B800C72F89 /* libc++.tbd in Frameworks */ = {isa = PBXBuildFile; fileRef = CD146B7B215A28B800C72F89 /* libc++.tbd */; };
		CD146B7E215A28C000C72F89 /* CoreTelephony.framework in Frameworks */ = {isa = PBXBuildFile; fileRef = CD146B7D215A28C000C72F89 /* CoreTelephony.framework */; };
		CD146B80215A28C600C72F89 /* AVFoundation.framework in Frameworks */ = {isa = PBXBuildFile; fileRef = CD146B7F215A28C600C72F89 /* AVFoundation.framework */; };
		CD146B82215A28CD00C72F89 /* AudioToolbox.framework in Frameworks */ = {isa = PBXBuildFile; fileRef = CD146B81215A28CD00C72F89 /* AudioToolbox.framework */; };
		CD146B88215A28EB00C72F89 /* SystemConfiguration.framework in Frameworks */ = {isa = PBXBuildFile; fileRef = CD146B87215A28EB00C72F89 /* SystemConfiguration.framework */; };
		CD146B8A215A28F500C72F89 /* QuartzCore.framework in Frameworks */ = {isa = PBXBuildFile; fileRef = CD146B89215A28F500C72F89 /* QuartzCore.framework */; };
		CD146B8C215A28FC00C72F89 /* UIKit.framework in Frameworks */ = {isa = PBXBuildFile; fileRef = CD146B8B215A28FC00C72F89 /* UIKit.framework */; };
		CD146B8E215A290100C72F89 /* Foundation.framework in Frameworks */ = {isa = PBXBuildFile; fileRef = CD146B8D215A290100C72F89 /* Foundation.framework */; };
		CD146B90215A290700C72F89 /* CoreGraphics.framework in Frameworks */ = {isa = PBXBuildFile; fileRef = CD146B8F215A290600C72F89 /* CoreGraphics.framework */; };
		CD146B94215A404900C72F89 /* iflyMSC.framework in Frameworks */ = {isa = PBXBuildFile; fileRef = CD146B93215A404900C72F89 /* iflyMSC.framework */; };
		CD23570D21522E8D00EE647F /* AppDelegate.m in Sources */ = {isa = PBXBuildFile; fileRef = CD23570C21522E8D00EE647F /* AppDelegate.m */; };
		CD23571021522E8D00EE647F /* HCViewController.m in Sources */ = {isa = PBXBuildFile; fileRef = CD23570F21522E8D00EE647F /* HCViewController.m */; };
		CD23573B21522EFE00EE647F /* HCFavoriteFolderFloatView.m in Sources */ = {isa = PBXBuildFile; fileRef = CD23572321522EFE00EE647F /* HCFavoriteFolderFloatView.m */; };
		CD23573C21522EFE00EE647F /* HCSpringBoardView.m in Sources */ = {isa = PBXBuildFile; fileRef = CD23572421522EFE00EE647F /* HCSpringBoardView.m */; };
		CD23573D21522EFE00EE647F /* HCIndexRect.m in Sources */ = {isa = PBXBuildFile; fileRef = CD23572521522EFE00EE647F /* HCIndexRect.m */; };
		CD23573E21522EFE00EE647F /* HCFavoriteFolderModel.m in Sources */ = {isa = PBXBuildFile; fileRef = CD23572721522EFE00EE647F /* HCFavoriteFolderModel.m */; };
		CD23573F21522EFE00EE647F /* HCFavoriteFolderMenuView.m in Sources */ = {isa = PBXBuildFile; fileRef = CD23572A21522EFE00EE647F /* HCFavoriteFolderMenuView.m */; };
		CD23574021522EFE00EE647F /* HCAssistant.m in Sources */ = {isa = PBXBuildFile; fileRef = CD23572B21522EFE00EE647F /* HCAssistant.m */; };
		CD23574121522EFE00EE647F /* NSObject+YYModel.m in Sources */ = {isa = PBXBuildFile; fileRef = CD23572F21522EFE00EE647F /* NSObject+YYModel.m */; };
		CD23574221522EFE00EE647F /* YYClassInfo.m in Sources */ = {isa = PBXBuildFile; fileRef = CD23573021522EFE00EE647F /* YYClassInfo.m */; };
		CD23574321522EFE00EE647F /* HCFavoriteIconModel.m in Sources */ = {isa = PBXBuildFile; fileRef = CD23573221522EFE00EE647F /* HCFavoriteIconModel.m */; };
		CD23574421522EFE00EE647F /* HCFavoriteFolderView.m in Sources */ = {isa = PBXBuildFile; fileRef = CD23573621522EFE00EE647F /* HCFavoriteFolderView.m */; };
		CD23574621522EFE00EE647F /* HCFavoriteIconView.m in Sources */ = {isa = PBXBuildFile; fileRef = CD23573A21522EFE00EE647F /* HCFavoriteIconView.m */; };
		CD4C9ECA215C6FF300DDA9E0 /* Bugly.framework in Frameworks */ = {isa = PBXBuildFile; fileRef = CD4C9EC9215C6FF300DDA9E0 /* Bugly.framework */; };
		CD4C9ECC215C701F00DDA9E0 /* Security.framework in Frameworks */ = {isa = PBXBuildFile; fileRef = CD4C9ECB215C701F00DDA9E0 /* Security.framework */; };
		CD4C9ECF215CC10D00DDA9E0 /* HCLastViewController.m in Sources */ = {isa = PBXBuildFile; fileRef = CD4C9ECE215CC10D00DDA9E0 /* HCLastViewController.m */; };
		CD5BED22215348FE004654DA /* HCWebViewController.m in Sources */ = {isa = PBXBuildFile; fileRef = CD5BED21215348FE004654DA /* HCWebViewController.m */; };
		CD5BED2521539734004654DA /* HCRootViewController.m in Sources */ = {isa = PBXBuildFile; fileRef = CD5BED2421539734004654DA /* HCRootViewController.m */; };
		CD613C0C215B806900165BB0 /* HCPrivacyViewController.m in Sources */ = {isa = PBXBuildFile; fileRef = CD613C0B215B806900165BB0 /* HCPrivacyViewController.m */; };
		CD613C12215B8F4E00165BB0 /* Waver.m in Sources */ = {isa = PBXBuildFile; fileRef = CD613C0E215B8F4E00165BB0 /* Waver.m */; };
		CD64014D215B217900E387BF /* ISRDataHelper.m in Sources */ = {isa = PBXBuildFile; fileRef = CD64014C215B217900E387BF /* ISRDataHelper.m */; };
		CD73D1802160B28200D11A5A /* HCPageControl.m in Sources */ = {isa = PBXBuildFile; fileRef = CD73D17F2160B28200D11A5A /* HCPageControl.m */; };
		CD73D1832160D10C00D11A5A /* HCPlaceholderViewController.m in Sources */ = {isa = PBXBuildFile; fileRef = CD73D1822160D10C00D11A5A /* HCPlaceholderViewController.m */; };
		CD9788DF215DFA7D000EA36C /* HCPreviousViewController.m in Sources */ = {isa = PBXBuildFile; fileRef = CD9788DA215DFA7C000EA36C /* HCPreviousViewController.m */; };
		CD9788E0215DFA7D000EA36C /* HCCardTableViewCell.m in Sources */ = {isa = PBXBuildFile; fileRef = CD9788DB215DFA7C000EA36C /* HCCardTableViewCell.m */; };
		CD9788E1215DFA7D000EA36C /* HCInstalledListViewController.m in Sources */ = {isa = PBXBuildFile; fileRef = CD9788DD215DFA7C000EA36C /* HCInstalledListViewController.m */; };
		CD9788F7215DFB8D000EA36C /* Assets.xcassets in Resources */ = {isa = PBXBuildFile; fileRef = CD9788F0215DFB8D000EA36C /* Assets.xcassets */; };
		CD9788F8215DFB8D000EA36C /* LaunchScreen.storyboard in Resources */ = {isa = PBXBuildFile; fileRef = CD9788F1215DFB8D000EA36C /* LaunchScreen.storyboard */; };
		CD9788F9215DFB8D000EA36C /* Main.storyboard in Resources */ = {isa = PBXBuildFile; fileRef = CD9788F3215DFB8D000EA36C /* Main.storyboard */; };
		CD9788FA215DFB8D000EA36C /* main.m in Sources */ = {isa = PBXBuildFile; fileRef = CD9788F5215DFB8D000EA36C /* main.m */; };
		CD9788FB215DFB8D000EA36C /* Info.plist in Resources */ = {isa = PBXBuildFile; fileRef = CD9788F6215DFB8D000EA36C /* Info.plist */; };
		CD9788FE215E02F7000EA36C /* HCSettingsViewController.m in Sources */ = {isa = PBXBuildFile; fileRef = CD9788FD215E02F7000EA36C /* HCSettingsViewController.m */; };
		CD978901215E110C000EA36C /* HCBankListViewController.m in Sources */ = {isa = PBXBuildFile; fileRef = CD978900215E110C000EA36C /* HCBankListViewController.m */; };
		CD978904215E2791000EA36C /* HCAppIntroduceViewController.m in Sources */ = {isa = PBXBuildFile; fileRef = CD978903215E2791000EA36C /* HCAppIntroduceViewController.m */; };
		CD9C6028215F1895009EBE8E /* BFSPicTextButton.m in Sources */ = {isa = PBXBuildFile; fileRef = CD9C6026215F1895009EBE8E /* BFSPicTextButton.m */; };
/* End PBXBuildFile section */

/* Begin PBXFileReference section */
		CD146B74215A0A1900C72F89 /* zhengtoon-com-20191013.cer */ = {isa = PBXFileReference; lastKnownFileType = file; path = "zhengtoon-com-20191013.cer"; sourceTree = "<group>"; };
		CD146B77215A287E00C72F89 /* CoreLocation.framework */ = {isa = PBXFileReference; lastKnownFileType = wrapper.framework; name = CoreLocation.framework; path = System/Library/Frameworks/CoreLocation.framework; sourceTree = SDKROOT; };
		CD146B79215A289200C72F89 /* libz.tbd */ = {isa = PBXFileReference; lastKnownFileType = "sourcecode.text-based-dylib-definition"; name = libz.tbd; path = usr/lib/libz.tbd; sourceTree = SDKROOT; };
		CD146B7B215A28B800C72F89 /* libc++.tbd */ = {isa = PBXFileReference; lastKnownFileType = "sourcecode.text-based-dylib-definition"; name = "libc++.tbd"; path = "usr/lib/libc++.tbd"; sourceTree = SDKROOT; };
		CD146B7D215A28C000C72F89 /* CoreTelephony.framework */ = {isa = PBXFileReference; lastKnownFileType = wrapper.framework; name = CoreTelephony.framework; path = System/Library/Frameworks/CoreTelephony.framework; sourceTree = SDKROOT; };
		CD146B7F215A28C600C72F89 /* AVFoundation.framework */ = {isa = PBXFileReference; lastKnownFileType = wrapper.framework; name = AVFoundation.framework; path = System/Library/Frameworks/AVFoundation.framework; sourceTree = SDKROOT; };
		CD146B81215A28CD00C72F89 /* AudioToolbox.framework */ = {isa = PBXFileReference; lastKnownFileType = wrapper.framework; name = AudioToolbox.framework; path = System/Library/Frameworks/AudioToolbox.framework; sourceTree = SDKROOT; };
		CD146B83215A28D700C72F89 /* AddressBook.framework */ = {isa = PBXFileReference; lastKnownFileType = wrapper.framework; name = AddressBook.framework; path = System/Library/Frameworks/AddressBook.framework; sourceTree = SDKROOT; };
		CD146B85215A28DF00C72F89 /* Contacts.framework */ = {isa = PBXFileReference; lastKnownFileType = wrapper.framework; name = Contacts.framework; path = System/Library/Frameworks/Contacts.framework; sourceTree = SDKROOT; };
		CD146B87215A28EB00C72F89 /* SystemConfiguration.framework */ = {isa = PBXFileReference; lastKnownFileType = wrapper.framework; name = SystemConfiguration.framework; path = System/Library/Frameworks/SystemConfiguration.framework; sourceTree = SDKROOT; };
		CD146B89215A28F500C72F89 /* QuartzCore.framework */ = {isa = PBXFileReference; lastKnownFileType = wrapper.framework; name = QuartzCore.framework; path = System/Library/Frameworks/QuartzCore.framework; sourceTree = SDKROOT; };
		CD146B8B215A28FC00C72F89 /* UIKit.framework */ = {isa = PBXFileReference; lastKnownFileType = wrapper.framework; name = UIKit.framework; path = System/Library/Frameworks/UIKit.framework; sourceTree = SDKROOT; };
		CD146B8D215A290100C72F89 /* Foundation.framework */ = {isa = PBXFileReference; lastKnownFileType = wrapper.framework; name = Foundation.framework; path = System/Library/Frameworks/Foundation.framework; sourceTree = SDKROOT; };
		CD146B8F215A290600C72F89 /* CoreGraphics.framework */ = {isa = PBXFileReference; lastKnownFileType = wrapper.framework; name = CoreGraphics.framework; path = System/Library/Frameworks/CoreGraphics.framework; sourceTree = SDKROOT; };
		CD146B93215A404900C72F89 /* iflyMSC.framework */ = {isa = PBXFileReference; lastKnownFileType = wrapper.framework; name = iflyMSC.framework; path = lib/iflyMSC.framework; sourceTree = "<group>"; };
		CD23570821522E8D00EE647F /* SpringBoard.app */ = {isa = PBXFileReference; explicitFileType = wrapper.application; includeInIndex = 0; path = SpringBoard.app; sourceTree = BUILT_PRODUCTS_DIR; };
		CD23570B21522E8D00EE647F /* AppDelegate.h */ = {isa = PBXFileReference; lastKnownFileType = sourcecode.c.h; path = AppDelegate.h; sourceTree = "<group>"; };
		CD23570C21522E8D00EE647F /* AppDelegate.m */ = {isa = PBXFileReference; lastKnownFileType = sourcecode.c.objc; path = AppDelegate.m; sourceTree = "<group>"; };
		CD23570E21522E8D00EE647F /* HCViewController.h */ = {isa = PBXFileReference; lastKnownFileType = sourcecode.c.h; path = HCViewController.h; sourceTree = "<group>"; };
		CD23570F21522E8D00EE647F /* HCViewController.m */ = {isa = PBXFileReference; lastKnownFileType = sourcecode.c.objc; path = HCViewController.m; sourceTree = "<group>"; };
		CD23572221522EFE00EE647F /* HCFavoriteIconModel.h */ = {isa = PBXFileReference; fileEncoding = 4; lastKnownFileType = sourcecode.c.h; path = HCFavoriteIconModel.h; sourceTree = "<group>"; };
		CD23572321522EFE00EE647F /* HCFavoriteFolderFloatView.m */ = {isa = PBXFileReference; fileEncoding = 4; lastKnownFileType = sourcecode.c.objc; path = HCFavoriteFolderFloatView.m; sourceTree = "<group>"; };
		CD23572421522EFE00EE647F /* HCSpringBoardView.m */ = {isa = PBXFileReference; fileEncoding = 4; lastKnownFileType = sourcecode.c.objc; path = HCSpringBoardView.m; sourceTree = "<group>"; };
		CD23572521522EFE00EE647F /* HCIndexRect.m */ = {isa = PBXFileReference; fileEncoding = 4; lastKnownFileType = sourcecode.c.objc; path = HCIndexRect.m; sourceTree = "<group>"; };
		CD23572621522EFE00EE647F /* HCFavoriteFolderView.h */ = {isa = PBXFileReference; fileEncoding = 4; lastKnownFileType = sourcecode.c.h; path = HCFavoriteFolderView.h; sourceTree = "<group>"; };
		CD23572721522EFE00EE647F /* HCFavoriteFolderModel.m */ = {isa = PBXFileReference; fileEncoding = 4; lastKnownFileType = sourcecode.c.objc; path = HCFavoriteFolderModel.m; sourceTree = "<group>"; };
		CD23572821522EFE00EE647F /* HCFavoriteIconView.h */ = {isa = PBXFileReference; fileEncoding = 4; lastKnownFileType = sourcecode.c.h; path = HCFavoriteIconView.h; sourceTree = "<group>"; };
		CD23572A21522EFE00EE647F /* HCFavoriteFolderMenuView.m */ = {isa = PBXFileReference; fileEncoding = 4; lastKnownFileType = sourcecode.c.objc; path = HCFavoriteFolderMenuView.m; sourceTree = "<group>"; };
		CD23572B21522EFE00EE647F /* HCAssistant.m */ = {isa = PBXFileReference; fileEncoding = 4; lastKnownFileType = sourcecode.c.objc; path = HCAssistant.m; sourceTree = "<group>"; };
		CD23572C21522EFE00EE647F /* HCFavoriteFolderFloatView.h */ = {isa = PBXFileReference; fileEncoding = 4; lastKnownFileType = sourcecode.c.h; path = HCFavoriteFolderFloatView.h; sourceTree = "<group>"; };
		CD23572E21522EFE00EE647F /* YYClassInfo.h */ = {isa = PBXFileReference; fileEncoding = 4; lastKnownFileType = sourcecode.c.h; path = YYClassInfo.h; sourceTree = "<group>"; };
		CD23572F21522EFE00EE647F /* NSObject+YYModel.m */ = {isa = PBXFileReference; fileEncoding = 4; lastKnownFileType = sourcecode.c.objc; path = "NSObject+YYModel.m"; sourceTree = "<group>"; };
		CD23573021522EFE00EE647F /* YYClassInfo.m */ = {isa = PBXFileReference; fileEncoding = 4; lastKnownFileType = sourcecode.c.objc; path = YYClassInfo.m; sourceTree = "<group>"; };
		CD23573121522EFE00EE647F /* NSObject+YYModel.h */ = {isa = PBXFileReference; fileEncoding = 4; lastKnownFileType = sourcecode.c.h; path = "NSObject+YYModel.h"; sourceTree = "<group>"; };
		CD23573221522EFE00EE647F /* HCFavoriteIconModel.m */ = {isa = PBXFileReference; fileEncoding = 4; lastKnownFileType = sourcecode.c.objc; path = HCFavoriteIconModel.m; sourceTree = "<group>"; };
		CD23573321522EFE00EE647F /* HCIndexRect.h */ = {isa = PBXFileReference; fileEncoding = 4; lastKnownFileType = sourcecode.c.h; path = HCIndexRect.h; sourceTree = "<group>"; };
		CD23573421522EFE00EE647F /* HCSpringBoardView.h */ = {isa = PBXFileReference; fileEncoding = 4; lastKnownFileType = sourcecode.c.h; path = HCSpringBoardView.h; sourceTree = "<group>"; };
		CD23573521522EFE00EE647F /* HCFavoriteFolderModel.h */ = {isa = PBXFileReference; fileEncoding = 4; lastKnownFileType = sourcecode.c.h; path = HCFavoriteFolderModel.h; sourceTree = "<group>"; };
		CD23573621522EFE00EE647F /* HCFavoriteFolderView.m */ = {isa = PBXFileReference; fileEncoding = 4; lastKnownFileType = sourcecode.c.objc; path = HCFavoriteFolderView.m; sourceTree = "<group>"; };
		CD23573721522EFE00EE647F /* HCAssistant.h */ = {isa = PBXFileReference; fileEncoding = 4; lastKnownFileType = sourcecode.c.h; path = HCAssistant.h; sourceTree = "<group>"; };
		CD23573821522EFE00EE647F /* HCFavoriteFolderMenuView.h */ = {isa = PBXFileReference; fileEncoding = 4; lastKnownFileType = sourcecode.c.h; path = HCFavoriteFolderMenuView.h; sourceTree = "<group>"; };
		CD23573A21522EFE00EE647F /* HCFavoriteIconView.m */ = {isa = PBXFileReference; fileEncoding = 4; lastKnownFileType = sourcecode.c.objc; path = HCFavoriteIconView.m; sourceTree = "<group>"; };
		CD4C9EC9215C6FF300DDA9E0 /* Bugly.framework */ = {isa = PBXFileReference; lastKnownFileType = wrapper.framework; path = Bugly.framework; sourceTree = "<group>"; };
		CD4C9ECB215C701F00DDA9E0 /* Security.framework */ = {isa = PBXFileReference; lastKnownFileType = wrapper.framework; name = Security.framework; path = System/Library/Frameworks/Security.framework; sourceTree = SDKROOT; };
		CD4C9ECD215CC10D00DDA9E0 /* HCLastViewController.h */ = {isa = PBXFileReference; lastKnownFileType = sourcecode.c.h; path = HCLastViewController.h; sourceTree = "<group>"; };
		CD4C9ECE215CC10D00DDA9E0 /* HCLastViewController.m */ = {isa = PBXFileReference; lastKnownFileType = sourcecode.c.objc; path = HCLastViewController.m; sourceTree = "<group>"; };
		CD5BED20215348FE004654DA /* HCWebViewController.h */ = {isa = PBXFileReference; lastKnownFileType = sourcecode.c.h; path = HCWebViewController.h; sourceTree = "<group>"; };
		CD5BED21215348FE004654DA /* HCWebViewController.m */ = {isa = PBXFileReference; lastKnownFileType = sourcecode.c.objc; path = HCWebViewController.m; sourceTree = "<group>"; };
		CD5BED2321539734004654DA /* HCRootViewController.h */ = {isa = PBXFileReference; lastKnownFileType = sourcecode.c.h; path = HCRootViewController.h; sourceTree = "<group>"; };
		CD5BED2421539734004654DA /* HCRootViewController.m */ = {isa = PBXFileReference; lastKnownFileType = sourcecode.c.objc; path = HCRootViewController.m; sourceTree = "<group>"; };
		CD613C0A215B806900165BB0 /* HCPrivacyViewController.h */ = {isa = PBXFileReference; lastKnownFileType = sourcecode.c.h; path = HCPrivacyViewController.h; sourceTree = "<group>"; };
		CD613C0B215B806900165BB0 /* HCPrivacyViewController.m */ = {isa = PBXFileReference; lastKnownFileType = sourcecode.c.objc; path = HCPrivacyViewController.m; sourceTree = "<group>"; };
		CD613C0E215B8F4E00165BB0 /* Waver.m */ = {isa = PBXFileReference; fileEncoding = 4; lastKnownFileType = sourcecode.c.objc; path = Waver.m; sourceTree = "<group>"; };
		CD613C11215B8F4E00165BB0 /* Waver.h */ = {isa = PBXFileReference; fileEncoding = 4; lastKnownFileType = sourcecode.c.h; path = Waver.h; sourceTree = "<group>"; };
		CD64014B215B217900E387BF /* ISRDataHelper.h */ = {isa = PBXFileReference; fileEncoding = 4; lastKnownFileType = sourcecode.c.h; path = ISRDataHelper.h; sourceTree = "<group>"; };
		CD64014C215B217900E387BF /* ISRDataHelper.m */ = {isa = PBXFileReference; fileEncoding = 4; lastKnownFileType = sourcecode.c.objc; path = ISRDataHelper.m; sourceTree = "<group>"; };
		CD73D17E2160B28200D11A5A /* HCPageControl.h */ = {isa = PBXFileReference; lastKnownFileType = sourcecode.c.h; path = HCPageControl.h; sourceTree = "<group>"; };
		CD73D17F2160B28200D11A5A /* HCPageControl.m */ = {isa = PBXFileReference; lastKnownFileType = sourcecode.c.objc; path = HCPageControl.m; sourceTree = "<group>"; };
		CD73D1812160D10C00D11A5A /* HCPlaceholderViewController.h */ = {isa = PBXFileReference; lastKnownFileType = sourcecode.c.h; path = HCPlaceholderViewController.h; sourceTree = "<group>"; };
		CD73D1822160D10C00D11A5A /* HCPlaceholderViewController.m */ = {isa = PBXFileReference; lastKnownFileType = sourcecode.c.objc; path = HCPlaceholderViewController.m; sourceTree = "<group>"; };
		CD9788D9215DFA7C000EA36C /* HCCardTableViewCell.h */ = {isa = PBXFileReference; fileEncoding = 4; lastKnownFileType = sourcecode.c.h; path = HCCardTableViewCell.h; sourceTree = "<group>"; };
		CD9788DA215DFA7C000EA36C /* HCPreviousViewController.m */ = {isa = PBXFileReference; fileEncoding = 4; lastKnownFileType = sourcecode.c.objc; path = HCPreviousViewController.m; sourceTree = "<group>"; };
		CD9788DB215DFA7C000EA36C /* HCCardTableViewCell.m */ = {isa = PBXFileReference; fileEncoding = 4; lastKnownFileType = sourcecode.c.objc; path = HCCardTableViewCell.m; sourceTree = "<group>"; };
		CD9788DC215DFA7C000EA36C /* HCPreviousViewController.h */ = {isa = PBXFileReference; fileEncoding = 4; lastKnownFileType = sourcecode.c.h; path = HCPreviousViewController.h; sourceTree = "<group>"; };
		CD9788DD215DFA7C000EA36C /* HCInstalledListViewController.m */ = {isa = PBXFileReference; fileEncoding = 4; lastKnownFileType = sourcecode.c.objc; path = HCInstalledListViewController.m; sourceTree = "<group>"; };
		CD9788DE215DFA7D000EA36C /* HCInstalledListViewController.h */ = {isa = PBXFileReference; fileEncoding = 4; lastKnownFileType = sourcecode.c.h; path = HCInstalledListViewController.h; sourceTree = "<group>"; };
		CD9788F0215DFB8D000EA36C /* Assets.xcassets */ = {isa = PBXFileReference; lastKnownFileType = folder.assetcatalog; path = Assets.xcassets; sourceTree = "<group>"; };
		CD9788F2215DFB8D000EA36C /* Base */ = {isa = PBXFileReference; lastKnownFileType = file.storyboard; name = Base; path = Base.lproj/LaunchScreen.storyboard; sourceTree = "<group>"; };
		CD9788F4215DFB8D000EA36C /* Base */ = {isa = PBXFileReference; lastKnownFileType = file.storyboard; name = Base; path = Base.lproj/Main.storyboard; sourceTree = "<group>"; };
		CD9788F5215DFB8D000EA36C /* main.m */ = {isa = PBXFileReference; fileEncoding = 4; lastKnownFileType = sourcecode.c.objc; path = main.m; sourceTree = "<group>"; };
		CD9788F6215DFB8D000EA36C /* Info.plist */ = {isa = PBXFileReference; fileEncoding = 4; lastKnownFileType = text.plist.xml; path = Info.plist; sourceTree = "<group>"; };
		CD9788FC215E02F7000EA36C /* HCSettingsViewController.h */ = {isa = PBXFileReference; lastKnownFileType = sourcecode.c.h; path = HCSettingsViewController.h; sourceTree = "<group>"; };
		CD9788FD215E02F7000EA36C /* HCSettingsViewController.m */ = {isa = PBXFileReference; lastKnownFileType = sourcecode.c.objc; path = HCSettingsViewController.m; sourceTree = "<group>"; };
		CD9788FF215E110C000EA36C /* HCBankListViewController.h */ = {isa = PBXFileReference; fileEncoding = 4; lastKnownFileType = sourcecode.c.h; path = HCBankListViewController.h; sourceTree = "<group>"; };
		CD978900215E110C000EA36C /* HCBankListViewController.m */ = {isa = PBXFileReference; fileEncoding = 4; lastKnownFileType = sourcecode.c.objc; path = HCBankListViewController.m; sourceTree = "<group>"; };
		CD978902215E2791000EA36C /* HCAppIntroduceViewController.h */ = {isa = PBXFileReference; lastKnownFileType = sourcecode.c.h; path = HCAppIntroduceViewController.h; sourceTree = "<group>"; };
		CD978903215E2791000EA36C /* HCAppIntroduceViewController.m */ = {isa = PBXFileReference; lastKnownFileType = sourcecode.c.objc; path = HCAppIntroduceViewController.m; sourceTree = "<group>"; };
		CD9C6026215F1895009EBE8E /* BFSPicTextButton.m */ = {isa = PBXFileReference; fileEncoding = 4; lastKnownFileType = sourcecode.c.objc; path = BFSPicTextButton.m; sourceTree = "<group>"; };
		CD9C6027215F1895009EBE8E /* BFSPicTextButton.h */ = {isa = PBXFileReference; fileEncoding = 4; lastKnownFileType = sourcecode.c.h; path = BFSPicTextButton.h; sourceTree = "<group>"; };
/* End PBXFileReference section */

/* Begin PBXFrameworksBuildPhase section */
		CD23570521522E8D00EE647F /* Frameworks */ = {
			isa = PBXFrameworksBuildPhase;
			buildActionMask = 2147483647;
			files = (
				CD4C9ECC215C701F00DDA9E0 /* Security.framework in Frameworks */,
				CD4C9ECA215C6FF300DDA9E0 /* Bugly.framework in Frameworks */,
				CD146B94215A404900C72F89 /* iflyMSC.framework in Frameworks */,
				CD146B90215A290700C72F89 /* CoreGraphics.framework in Frameworks */,
				CD146B8E215A290100C72F89 /* Foundation.framework in Frameworks */,
				CD146B8C215A28FC00C72F89 /* UIKit.framework in Frameworks */,
				CD146B8A215A28F500C72F89 /* QuartzCore.framework in Frameworks */,
				CD146B88215A28EB00C72F89 /* SystemConfiguration.framework in Frameworks */,
				CD146B82215A28CD00C72F89 /* AudioToolbox.framework in Frameworks */,
				CD146B80215A28C600C72F89 /* AVFoundation.framework in Frameworks */,
				CD146B7E215A28C000C72F89 /* CoreTelephony.framework in Frameworks */,
				CD146B7C215A28B800C72F89 /* libc++.tbd in Frameworks */,
				CD146B7A215A289200C72F89 /* libz.tbd in Frameworks */,
				CD146B78215A287E00C72F89 /* CoreLocation.framework in Frameworks */,
			);
			runOnlyForDeploymentPostprocessing = 0;
		};
/* End PBXFrameworksBuildPhase section */

/* Begin PBXGroup section */
		CD146B73215A0A1900C72F89 /* SSLCers */ = {
			isa = PBXGroup;
			children = (
				CD146B74215A0A1900C72F89 /* zhengtoon-com-20191013.cer */,
			);
			path = SSLCers;
			sourceTree = "<group>";
		};
		CD146B76215A287E00C72F89 /* Frameworks */ = {
			isa = PBXGroup;
			children = (
				CD4C9ECB215C701F00DDA9E0 /* Security.framework */,
				CD4C9EC9215C6FF300DDA9E0 /* Bugly.framework */,
				CD146B93215A404900C72F89 /* iflyMSC.framework */,
				CD146B8F215A290600C72F89 /* CoreGraphics.framework */,
				CD146B8D215A290100C72F89 /* Foundation.framework */,
				CD146B8B215A28FC00C72F89 /* UIKit.framework */,
				CD146B89215A28F500C72F89 /* QuartzCore.framework */,
				CD146B87215A28EB00C72F89 /* SystemConfiguration.framework */,
				CD146B85215A28DF00C72F89 /* Contacts.framework */,
				CD146B83215A28D700C72F89 /* AddressBook.framework */,
				CD146B81215A28CD00C72F89 /* AudioToolbox.framework */,
				CD146B7F215A28C600C72F89 /* AVFoundation.framework */,
				CD146B7D215A28C000C72F89 /* CoreTelephony.framework */,
				CD146B7B215A28B800C72F89 /* libc++.tbd */,
				CD146B79215A289200C72F89 /* libz.tbd */,
				CD146B77215A287E00C72F89 /* CoreLocation.framework */,
			);
			name = Frameworks;
			sourceTree = "<group>";
		};
		CD2356FF21522E8D00EE647F = {
			isa = PBXGroup;
			children = (
				CD146B76215A287E00C72F89 /* Frameworks */,
				CD23570921522E8D00EE647F /* Products */,
				CD23570A21522E8D00EE647F /* SpringBoard */,
			);
			sourceTree = "<group>";
		};
		CD23570921522E8D00EE647F /* Products */ = {
			isa = PBXGroup;
			children = (
				CD23570821522E8D00EE647F /* SpringBoard.app */,
			);
			name = Products;
			sourceTree = "<group>";
		};
		CD23570A21522E8D00EE647F /* SpringBoard */ = {
			isa = PBXGroup;
			children = (
				CD23570B21522E8D00EE647F /* AppDelegate.h */,
				CD23570C21522E8D00EE647F /* AppDelegate.m */,
				CD5BED2321539734004654DA /* HCRootViewController.h */,
				CD5BED2421539734004654DA /* HCRootViewController.m */,
				CD9788DC215DFA7C000EA36C /* HCPreviousViewController.h */,
				CD9788DA215DFA7C000EA36C /* HCPreviousViewController.m */,
				CD23570E21522E8D00EE647F /* HCViewController.h */,
				CD23570F21522E8D00EE647F /* HCViewController.m */,
				CD73D1812160D10C00D11A5A /* HCPlaceholderViewController.h */,
				CD73D1822160D10C00D11A5A /* HCPlaceholderViewController.m */,
				CD4C9ECD215CC10D00DDA9E0 /* HCLastViewController.h */,
				CD4C9ECE215CC10D00DDA9E0 /* HCLastViewController.m */,
				CD9788FC215E02F7000EA36C /* HCSettingsViewController.h */,
				CD9788FD215E02F7000EA36C /* HCSettingsViewController.m */,
				CD9788DE215DFA7D000EA36C /* HCInstalledListViewController.h */,
				CD9788DD215DFA7C000EA36C /* HCInstalledListViewController.m */,
				CD9788FF215E110C000EA36C /* HCBankListViewController.h */,
				CD978900215E110C000EA36C /* HCBankListViewController.m */,
				CD978902215E2791000EA36C /* HCAppIntroduceViewController.h */,
				CD978903215E2791000EA36C /* HCAppIntroduceViewController.m */,
				CD9788D9215DFA7C000EA36C /* HCCardTableViewCell.h */,
				CD9788DB215DFA7C000EA36C /* HCCardTableViewCell.m */,
				CD9C6027215F1895009EBE8E /* BFSPicTextButton.h */,
				CD9C6026215F1895009EBE8E /* BFSPicTextButton.m */,
				CD613C0A215B806900165BB0 /* HCPrivacyViewController.h */,
				CD613C0B215B806900165BB0 /* HCPrivacyViewController.m */,
				CD5BED20215348FE004654DA /* HCWebViewController.h */,
				CD5BED21215348FE004654DA /* HCWebViewController.m */,
				CD64014B215B217900E387BF /* ISRDataHelper.h */,
				CD64014C215B217900E387BF /* ISRDataHelper.m */,
				CD9788EF215DFB8D000EA36C /* Resource */,
				CD23572121522EFE00EE647F /* SpringBoard */,
				CD146B73215A0A1900C72F89 /* SSLCers */,
				CD613C0D215B8F4E00165BB0 /* WaverFile */,
			);
			path = SpringBoard;
			sourceTree = "<group>";
		};
		CD23572121522EFE00EE647F /* SpringBoard */ = {
			isa = PBXGroup;
			children = (
				CD23573721522EFE00EE647F /* HCAssistant.h */,
				CD23572B21522EFE00EE647F /* HCAssistant.m */,
				CD23572C21522EFE00EE647F /* HCFavoriteFolderFloatView.h */,
				CD23572321522EFE00EE647F /* HCFavoriteFolderFloatView.m */,
				CD23573821522EFE00EE647F /* HCFavoriteFolderMenuView.h */,
				CD23572A21522EFE00EE647F /* HCFavoriteFolderMenuView.m */,
				CD23573521522EFE00EE647F /* HCFavoriteFolderModel.h */,
				CD23572721522EFE00EE647F /* HCFavoriteFolderModel.m */,
				CD23572621522EFE00EE647F /* HCFavoriteFolderView.h */,
				CD23573621522EFE00EE647F /* HCFavoriteFolderView.m */,
				CD23572221522EFE00EE647F /* HCFavoriteIconModel.h */,
				CD23573221522EFE00EE647F /* HCFavoriteIconModel.m */,
				CD23572821522EFE00EE647F /* HCFavoriteIconView.h */,
				CD23573A21522EFE00EE647F /* HCFavoriteIconView.m */,
				CD23573321522EFE00EE647F /* HCIndexRect.h */,
				CD23572521522EFE00EE647F /* HCIndexRect.m */,
				CD23573421522EFE00EE647F /* HCSpringBoardView.h */,
				CD23572421522EFE00EE647F /* HCSpringBoardView.m */,
				CD73D17E2160B28200D11A5A /* HCPageControl.h */,
				CD73D17F2160B28200D11A5A /* HCPageControl.m */,
				CD23572D21522EFE00EE647F /* YYModel */,
			);
			path = SpringBoard;
			sourceTree = "<group>";
		};
		CD23572D21522EFE00EE647F /* YYModel */ = {
			isa = PBXGroup;
			children = (
				CD23572E21522EFE00EE647F /* YYClassInfo.h */,
				CD23572F21522EFE00EE647F /* NSObject+YYModel.m */,
				CD23573021522EFE00EE647F /* YYClassInfo.m */,
				CD23573121522EFE00EE647F /* NSObject+YYModel.h */,
			);
			path = YYModel;
			sourceTree = "<group>";
		};
		CD613C0D215B8F4E00165BB0 /* WaverFile */ = {
			isa = PBXGroup;
			children = (
				CD613C0E215B8F4E00165BB0 /* Waver.m */,
				CD613C11215B8F4E00165BB0 /* Waver.h */,
			);
			path = WaverFile;
			sourceTree = "<group>";
		};
		CD9788EF215DFB8D000EA36C /* Resource */ = {
			isa = PBXGroup;
			children = (
				CD9788F0215DFB8D000EA36C /* Assets.xcassets */,
				CD9788F1215DFB8D000EA36C /* LaunchScreen.storyboard */,
				CD9788F3215DFB8D000EA36C /* Main.storyboard */,
				CD9788F5215DFB8D000EA36C /* main.m */,
				CD9788F6215DFB8D000EA36C /* Info.plist */,
			);
			path = Resource;
			sourceTree = "<group>";
		};
/* End PBXGroup section */

/* Begin PBXNativeTarget section */
		CD23570721522E8D00EE647F /* SpringBoard */ = {
			isa = PBXNativeTarget;
			buildConfigurationList = CD23571E21522E9000EE647F /* Build configuration list for PBXNativeTarget "SpringBoard" */;
			buildPhases = (
				CD23570421522E8D00EE647F /* Sources */,
				CD23570521522E8D00EE647F /* Frameworks */,
				CD23570621522E8D00EE647F /* Resources */,
			);
			buildRules = (
			);
			dependencies = (
			);
			name = SpringBoard;
			productName = SpringBoard;
			productReference = CD23570821522E8D00EE647F /* SpringBoard.app */;
			productType = "com.apple.product-type.application";
		};
/* End PBXNativeTarget section */

/* Begin PBXProject section */
		CD23570021522E8D00EE647F /* Project object */ = {
			isa = PBXProject;
			attributes = {
				LastUpgradeCheck = 0940;
				ORGANIZATIONNAME = wangpo;
				TargetAttributes = {
					CD23570721522E8D00EE647F = {
						CreatedOnToolsVersion = 9.4.1;
					};
				};
			};
			buildConfigurationList = CD23570321522E8D00EE647F /* Build configuration list for PBXProject "SpringBoard" */;
			compatibilityVersion = "Xcode 9.3";
			developmentRegion = en;
			hasScannedForEncodings = 0;
			knownRegions = (
				en,
				Base,
			);
			mainGroup = CD2356FF21522E8D00EE647F;
			productRefGroup = CD23570921522E8D00EE647F /* Products */;
			projectDirPath = "";
			projectRoot = "";
			targets = (
				CD23570721522E8D00EE647F /* SpringBoard */,
			);
		};
/* End PBXProject section */

/* Begin PBXResourcesBuildPhase section */
		CD23570621522E8D00EE647F /* Resources */ = {
			isa = PBXResourcesBuildPhase;
			buildActionMask = 2147483647;
			files = (
				CD9788F8215DFB8D000EA36C /* LaunchScreen.storyboard in Resources */,
				CD9788F7215DFB8D000EA36C /* Assets.xcassets in Resources */,
				CD146B75215A0A1900C72F89 /* zhengtoon-com-20191013.cer in Resources */,
				CD9788FB215DFB8D000EA36C /* Info.plist in Resources */,
				CD9788F9215DFB8D000EA36C /* Main.storyboard in Resources */,
			);
			runOnlyForDeploymentPostprocessing = 0;
		};
/* End PBXResourcesBuildPhase section */

/* Begin PBXSourcesBuildPhase section */
		CD23570421522E8D00EE647F /* Sources */ = {
			isa = PBXSourcesBuildPhase;
			buildActionMask = 2147483647;
			files = (
				CD9788FE215E02F7000EA36C /* HCSettingsViewController.m in Sources */,
				CD613C12215B8F4E00165BB0 /* Waver.m in Sources */,
				CD23571021522E8D00EE647F /* HCViewController.m in Sources */,
				CD23574221522EFE00EE647F /* YYClassInfo.m in Sources */,
				CD23574121522EFE00EE647F /* NSObject+YYModel.m in Sources */,
				CD23573D21522EFE00EE647F /* HCIndexRect.m in Sources */,
				CD23574021522EFE00EE647F /* HCAssistant.m in Sources */,
				CD9788E0215DFA7D000EA36C /* HCCardTableViewCell.m in Sources */,
				CD23574321522EFE00EE647F /* HCFavoriteIconModel.m in Sources */,
				CD978904215E2791000EA36C /* HCAppIntroduceViewController.m in Sources */,
				CD23573C21522EFE00EE647F /* HCSpringBoardView.m in Sources */,
				CD73D1802160B28200D11A5A /* HCPageControl.m in Sources */,
				CD23573F21522EFE00EE647F /* HCFavoriteFolderMenuView.m in Sources */,
				CD9C6028215F1895009EBE8E /* BFSPicTextButton.m in Sources */,
				CD9788FA215DFB8D000EA36C /* main.m in Sources */,
				CD23573B21522EFE00EE647F /* HCFavoriteFolderFloatView.m in Sources */,
				CD23570D21522E8D00EE647F /* AppDelegate.m in Sources */,
				CD9788E1215DFA7D000EA36C /* HCInstalledListViewController.m in Sources */,
				CD23573E21522EFE00EE647F /* HCFavoriteFolderModel.m in Sources */,
				CD23574421522EFE00EE647F /* HCFavoriteFolderView.m in Sources */,
				CD5BED2521539734004654DA /* HCRootViewController.m in Sources */,
				CD5BED22215348FE004654DA /* HCWebViewController.m in Sources */,
				CD613C0C215B806900165BB0 /* HCPrivacyViewController.m in Sources */,
				CD4C9ECF215CC10D00DDA9E0 /* HCLastViewController.m in Sources */,
				CD9788DF215DFA7D000EA36C /* HCPreviousViewController.m in Sources */,
				CD73D1832160D10C00D11A5A /* HCPlaceholderViewController.m in Sources */,
				CD64014D215B217900E387BF /* ISRDataHelper.m in Sources */,
				CD978901215E110C000EA36C /* HCBankListViewController.m in Sources */,
				CD23574621522EFE00EE647F /* HCFavoriteIconView.m in Sources */,
			);
			runOnlyForDeploymentPostprocessing = 0;
		};
/* End PBXSourcesBuildPhase section */

/* Begin PBXVariantGroup section */
		CD9788F1215DFB8D000EA36C /* LaunchScreen.storyboard */ = {
			isa = PBXVariantGroup;
			children = (
				CD9788F2215DFB8D000EA36C /* Base */,
			);
			name = LaunchScreen.storyboard;
			sourceTree = "<group>";
		};
		CD9788F3215DFB8D000EA36C /* Main.storyboard */ = {
			isa = PBXVariantGroup;
			children = (
				CD9788F4215DFB8D000EA36C /* Base */,
			);
			name = Main.storyboard;
			sourceTree = "<group>";
		};
/* End PBXVariantGroup section */

/* Begin XCBuildConfiguration section */
		CD23571C21522E9000EE647F /* Debug */ = {
			isa = XCBuildConfiguration;
			buildSettings = {
				ALWAYS_SEARCH_USER_PATHS = NO;
				CLANG_ANALYZER_NONNULL = YES;
				CLANG_ANALYZER_NUMBER_OBJECT_CONVERSION = YES_AGGRESSIVE;
				CLANG_CXX_LANGUAGE_STANDARD = "gnu++14";
				CLANG_CXX_LIBRARY = "libc++";
				CLANG_ENABLE_MODULES = YES;
				CLANG_ENABLE_OBJC_ARC = YES;
				CLANG_ENABLE_OBJC_WEAK = YES;
				CLANG_WARN_BLOCK_CAPTURE_AUTORELEASING = YES;
				CLANG_WARN_BOOL_CONVERSION = YES;
				CLANG_WARN_COMMA = YES;
				CLANG_WARN_CONSTANT_CONVERSION = YES;
				CLANG_WARN_DEPRECATED_OBJC_IMPLEMENTATIONS = YES;
				CLANG_WARN_DIRECT_OBJC_ISA_USAGE = YES_ERROR;
				CLANG_WARN_DOCUMENTATION_COMMENTS = YES;
				CLANG_WARN_EMPTY_BODY = YES;
				CLANG_WARN_ENUM_CONVERSION = YES;
				CLANG_WARN_INFINITE_RECURSION = YES;
				CLANG_WARN_INT_CONVERSION = YES;
				CLANG_WARN_NON_LITERAL_NULL_CONVERSION = YES;
				CLANG_WARN_OBJC_IMPLICIT_RETAIN_SELF = YES;
				CLANG_WARN_OBJC_LITERAL_CONVERSION = YES;
				CLANG_WARN_OBJC_ROOT_CLASS = YES_ERROR;
				CLANG_WARN_RANGE_LOOP_ANALYSIS = YES;
				CLANG_WARN_STRICT_PROTOTYPES = YES;
				CLANG_WARN_SUSPICIOUS_MOVE = YES;
				CLANG_WARN_UNGUARDED_AVAILABILITY = YES_AGGRESSIVE;
				CLANG_WARN_UNREACHABLE_CODE = YES;
				CLANG_WARN__DUPLICATE_METHOD_MATCH = YES;
				CODE_SIGN_IDENTITY = "iPhone Developer";
				COPY_PHASE_STRIP = NO;
				DEBUG_INFORMATION_FORMAT = dwarf;
				ENABLE_STRICT_OBJC_MSGSEND = YES;
				ENABLE_TESTABILITY = YES;
				GCC_C_LANGUAGE_STANDARD = gnu11;
				GCC_DYNAMIC_NO_PIC = NO;
				GCC_NO_COMMON_BLOCKS = YES;
				GCC_OPTIMIZATION_LEVEL = 0;
				GCC_PREPROCESSOR_DEFINITIONS = (
					"DEBUG=1",
					"$(inherited)",
				);
				GCC_WARN_64_TO_32_BIT_CONVERSION = YES;
				GCC_WARN_ABOUT_RETURN_TYPE = YES_ERROR;
				GCC_WARN_UNDECLARED_SELECTOR = YES;
				GCC_WARN_UNINITIALIZED_AUTOS = YES_AGGRESSIVE;
				GCC_WARN_UNUSED_FUNCTION = YES;
				GCC_WARN_UNUSED_VARIABLE = YES;
				IPHONEOS_DEPLOYMENT_TARGET = 11.4;
				MTL_ENABLE_DEBUG_INFO = YES;
				ONLY_ACTIVE_ARCH = YES;
				SDKROOT = iphoneos;
			};
			name = Debug;
		};
		CD23571D21522E9000EE647F /* Release */ = {
			isa = XCBuildConfiguration;
			buildSettings = {
				ALWAYS_SEARCH_USER_PATHS = NO;
				CLANG_ANALYZER_NONNULL = YES;
				CLANG_ANALYZER_NUMBER_OBJECT_CONVERSION = YES_AGGRESSIVE;
				CLANG_CXX_LANGUAGE_STANDARD = "gnu++14";
				CLANG_CXX_LIBRARY = "libc++";
				CLANG_ENABLE_MODULES = YES;
				CLANG_ENABLE_OBJC_ARC = YES;
				CLANG_ENABLE_OBJC_WEAK = YES;
				CLANG_WARN_BLOCK_CAPTURE_AUTORELEASING = YES;
				CLANG_WARN_BOOL_CONVERSION = YES;
				CLANG_WARN_COMMA = YES;
				CLANG_WARN_CONSTANT_CONVERSION = YES;
				CLANG_WARN_DEPRECATED_OBJC_IMPLEMENTATIONS = YES;
				CLANG_WARN_DIRECT_OBJC_ISA_USAGE = YES_ERROR;
				CLANG_WARN_DOCUMENTATION_COMMENTS = YES;
				CLANG_WARN_EMPTY_BODY = YES;
				CLANG_WARN_ENUM_CONVERSION = YES;
				CLANG_WARN_INFINITE_RECURSION = YES;
				CLANG_WARN_INT_CONVERSION = YES;
				CLANG_WARN_NON_LITERAL_NULL_CONVERSION = YES;
				CLANG_WARN_OBJC_IMPLICIT_RETAIN_SELF = YES;
				CLANG_WARN_OBJC_LITERAL_CONVERSION = YES;
				CLANG_WARN_OBJC_ROOT_CLASS = YES_ERROR;
				CLANG_WARN_RANGE_LOOP_ANALYSIS = YES;
				CLANG_WARN_STRICT_PROTOTYPES = YES;
				CLANG_WARN_SUSPICIOUS_MOVE = YES;
				CLANG_WARN_UNGUARDED_AVAILABILITY = YES_AGGRESSIVE;
				CLANG_WARN_UNREACHABLE_CODE = YES;
				CLANG_WARN__DUPLICATE_METHOD_MATCH = YES;
				CODE_SIGN_IDENTITY = "iPhone Developer";
				COPY_PHASE_STRIP = NO;
				DEBUG_INFORMATION_FORMAT = "dwarf-with-dsym";
				ENABLE_NS_ASSERTIONS = NO;
				ENABLE_STRICT_OBJC_MSGSEND = YES;
				GCC_C_LANGUAGE_STANDARD = gnu11;
				GCC_NO_COMMON_BLOCKS = YES;
				GCC_WARN_64_TO_32_BIT_CONVERSION = YES;
				GCC_WARN_ABOUT_RETURN_TYPE = YES_ERROR;
				GCC_WARN_UNDECLARED_SELECTOR = YES;
				GCC_WARN_UNINITIALIZED_AUTOS = YES_AGGRESSIVE;
				GCC_WARN_UNUSED_FUNCTION = YES;
				GCC_WARN_UNUSED_VARIABLE = YES;
				IPHONEOS_DEPLOYMENT_TARGET = 11.4;
				MTL_ENABLE_DEBUG_INFO = NO;
				SDKROOT = iphoneos;
				VALIDATE_PRODUCT = YES;
			};
			name = Release;
		};
		CD23571F21522E9000EE647F /* Debug */ = {
			isa = XCBuildConfiguration;
			buildSettings = {
				ASSETCATALOG_COMPILER_APPICON_NAME = AppIcon;
				CODE_SIGN_IDENTITY = "iPhone Distribution";
				CODE_SIGN_STYLE = Manual;
				DEVELOPMENT_TEAM = TLWP697Z5D;
				ENABLE_BITCODE = NO;
				FRAMEWORK_SEARCH_PATHS = (
					"$(inherited)",
					"$(PROJECT_DIR)/lib",
					"$(PROJECT_DIR)",
				);
				INFOPLIST_FILE = "$(SRCROOT)/SpringBoard/Resource/Info.plist";
				IPHONEOS_DEPLOYMENT_TARGET = 9.0;
				LD_RUNPATH_SEARCH_PATHS = (
					"$(inherited)",
					"@executable_path/Frameworks",
				);
				PRODUCT_BUNDLE_IDENTIFIER = com.systoon.enterprise.springBoard;
				PRODUCT_NAME = "$(TARGET_NAME)";
				PROVISIONING_PROFILE = "ab5db5fa-77b0-473b-9ca6-70fceb4318e7";
				PROVISIONING_PROFILE_SPECIFIER = SpringBoardEnterpriseProfile;
				TARGETED_DEVICE_FAMILY = 1;
				VALID_ARCHS = "arm64 armv7";
			};
			name = Debug;
		};
		CD23572021522E9000EE647F /* Release */ = {
			isa = XCBuildConfiguration;
			buildSettings = {
				ASSETCATALOG_COMPILER_APPICON_NAME = AppIcon;
				CODE_SIGN_IDENTITY = "iPhone Distribution";
				CODE_SIGN_STYLE = Manual;
				DEVELOPMENT_TEAM = TLWP697Z5D;
				ENABLE_BITCODE = NO;
				FRAMEWORK_SEARCH_PATHS = (
					"$(inherited)",
					"$(PROJECT_DIR)/lib",
					"$(PROJECT_DIR)",
				);
				INFOPLIST_FILE = "$(SRCROOT)/SpringBoard/Resource/Info.plist";
				IPHONEOS_DEPLOYMENT_TARGET = 9.0;
				LD_RUNPATH_SEARCH_PATHS = (
					"$(inherited)",
					"@executable_path/Frameworks",
				);
				PRODUCT_BUNDLE_IDENTIFIER = com.systoon.enterprise.springBoard;
				PRODUCT_NAME = "$(TARGET_NAME)";
				PROVISIONING_PROFILE = "ab5db5fa-77b0-473b-9ca6-70fceb4318e7";
				PROVISIONING_PROFILE_SPECIFIER = SpringBoardEnterpriseProfile;
				TARGETED_DEVICE_FAMILY = 1;
				VALID_ARCHS = "arm64 armv7";
			};
			name = Release;
		};
/* End XCBuildConfiguration section */

/* Begin XCConfigurationList section */
		CD23570321522E8D00EE647F /* Build configuration list for PBXProject "SpringBoard" */ = {
			isa = XCConfigurationList;
			buildConfigurations = (
				CD23571C21522E9000EE647F /* Debug */,
				CD23571D21522E9000EE647F /* Release */,
			);
			defaultConfigurationIsVisible = 0;
			defaultConfigurationName = Release;
		};
		CD23571E21522E9000EE647F /* Build configuration list for PBXNativeTarget "SpringBoard" */ = {
			isa = XCConfigurationList;
			buildConfigurations = (
				CD23571F21522E9000EE647F /* Debug */,
				CD23572021522E9000EE647F /* Release */,
			);
			defaultConfigurationIsVisible = 0;
			defaultConfigurationName = Release;
		};
/* End XCConfigurationList section */
	};
	rootObject = CD23570021522E8D00EE647F /* Project object */;
}
